
Microsoft Visual Studio Solution File, Format Version 12.00
# Visual Studio Version 16
VisualStudioVersion = 16.0.31624.102
MinimumVisualStudioVersion = 10.0.40219.1
Project("{FAE04EC0-301F-11D3-BF4B-00C04F79EFBC}") = "ExerciciosEstruturaRepetitivaFOR", "ExerciciosEstruturaRepetitivaFOR\ExerciciosEstruturaRepetitivaFOR.csproj", "{4E492ED1-4098-4599-BD48-0E01FCEA5DCF}"
EndProject
Global
	GlobalSection(SolutionConfigurationPlatforms) = preSolution
		Debug|Any CPU = Debug|Any CPU
		Release|Any CPU = Release|Any CPU
	EndGlobalSection
	GlobalSection(ProjectConfigurationPlatforms) = postSolution
		{4E492ED1-4098-4599-BD48-0E01FCEA5DCF}.Debug|Any CPU.ActiveCfg = Debug|Any CPU
		{4E492ED1-4098-4599-BD48-0E01FCEA5DCF}.Debug|Any CPU.Build.0 = Debug|Any CPU
		{4E492ED1-4098-4599-BD48-0E01FCEA5DCF}.Release|Any CPU.ActiveCfg = Release|Any CPU
		{4E492ED1-4098-4599-BD48-0E01FCEA5DCF}.Release|Any CPU.Build.0 = Release|Any CPU
	EndGlobalSection
	GlobalSection(SolutionProperties) = preSolution
		HideSolutionNode = FALSE
	EndGlobalSection
	GlobalSection(ExtensibilityGlobals) = postSolution
		SolutionGuid = {1E5CD1F9-1515-43E1-BB70-7BB8B1744961}
	EndGlobalSection
EndGlobal
